
Microsoft Visual Studio Solution File, Format Version 12.00
# Visual Studio Version 17
VisualStudioVersion = 17.14.37027.9 d17.14
MinimumVisualStudioVersion = 10.0.40219.1
Project("{FAE04EC0-301F-11D3-BF4B-00C04F79EFBC}") = "SalesMangmentSystem.PL", "SalesMangmentSystem.PL\SalesMangmentSystem.PL.csproj", "{565A9EAD-3A40-4214-99E9-01EF4D1D6969}"
EndProject
Project("{FAE04EC0-301F-11D3-BF4B-00C04F79EFBC}") = "SalesMangmentSystem.BLL", "SalesMangmentSystem.BLL\SalesMangmentSystem.BLL.csproj", "{A2E5CE78-B9CD-4B9A-BCF6-4F48E05CC941}"
EndProject
Project("{FAE04EC0-301F-11D3-BF4B-00C04F79EFBC}") = "SalesMangmentSystem.DAL", "SalesMangmentSystem.DAL\SalesMangmentSystem.DAL.csproj", "{30B2DDE5-6729-49DA-B8BB-3877A198A43B}"
EndProject
Global
	GlobalSection(SolutionConfigurationPlatforms) = preSolution
		Debug|Any CPU = Debug|Any CPU
		Release|Any CPU = Release|Any CPU
	EndGlobalSection
	GlobalSection(ProjectConfigurationPlatforms) = postSolution
		{565A9EAD-3A40-4214-99E9-01EF4D1D6969}.Debug|Any CPU.ActiveCfg = Debug|Any CPU
		{565A9EAD-3A40-4214-99E9-01EF4D1D6969}.Debug|Any CPU.Build.0 = Debug|Any CPU
		{565A9EAD-3A40-4214-99E9-01EF4D1D6969}.Release|Any CPU.ActiveCfg = Release|Any CPU
		{565A9EAD-3A40-4214-99E9-01EF4D1D6969}.Release|Any CPU.Build.0 = Release|Any CPU
		{A2E5CE78-B9CD-4B9A-BCF6-4F48E05CC941}.Debug|Any CPU.ActiveCfg = Debug|Any CPU
		{A2E5CE78-B9CD-4B9A-BCF6-4F48E05CC941}.Debug|Any CPU.Build.0 = Debug|Any CPU
		{A2E5CE78-B9CD-4B9A-BCF6-4F48E05CC941}.Release|Any CPU.ActiveCfg = Release|Any CPU
		{A2E5CE78-B9CD-4B9A-BCF6-4F48E05CC941}.Release|Any CPU.Build.0 = Release|Any CPU
		{30B2DDE5-6729-49DA-B8BB-3877A198A43B}.Debug|Any CPU.ActiveCfg = Debug|Any CPU
		{30B2DDE5-6729-49DA-B8BB-3877A198A43B}.Debug|Any CPU.Build.0 = Debug|Any CPU
		{30B2DDE5-6729-49DA-B8BB-3877A198A43B}.Release|Any CPU.ActiveCfg = Release|Any CPU
		{30B2DDE5-6729-49DA-B8BB-3877A198A43B}.Release|Any CPU.Build.0 = Release|Any CPU
	EndGlobalSection
	GlobalSection(SolutionProperties) = preSolution
		HideSolutionNode = FALSE
	EndGlobalSection
	GlobalSection(ExtensibilityGlobals) = postSolution
		SolutionGuid = {CAADDEE7-57FB-457D-93C9-4B56DA2D8FE4}
	EndGlobalSection
EndGlobal
